<Solution>
  <Project Path="MasterplanXP.UI.Android/MasterplanXP.UI.Android.csproj">
    <Deploy />
  </Project>
  <Project Path="MasterplanXP.UI.Browser/MasterplanXP.UI.Browser.csproj" />
  <Project Path="MasterplanXP.UI.Desktop/MasterplanXP.UI.Desktop.csproj" />
  <Project Path="MasterplanXP.UI.iOS/MasterplanXP.UI.iOS.csproj">
    <Deploy />
  </Project>
  <Project Path="MasterplanXP.UI/MasterplanXP.UI.csproj" />
</Solution>
